// !$*UTF8*$!
{
	archiveVersion = 1;
	classes = {
	};
	objectVersion = 51;
	objects = {

/* Begin PBXBuildFile section */
		044278FE248385A60030E45C /* AppDelegate.swift in Sources */ = {isa = PBXBuildFile; fileRef = 044278FD248385A60030E45C /* AppDelegate.swift */; };
		04427905248385A60030E45C /* Main.storyboard in Resources */ = {isa = PBXBuildFile; fileRef = 04427903248385A60030E45C /* Main.storyboard */; };
		04427908248385A60030E45C /* SafetyBox_Swift.xcdatamodeld in Sources */ = {isa = PBXBuildFile; fileRef = 04427906248385A60030E45C /* SafetyBox_Swift.xcdatamodeld */; };
		0442790A248385A80030E45C /* Assets.xcassets in Resources */ = {isa = PBXBuildFile; fileRef = 04427909248385A80030E45C /* Assets.xcassets */; };
		0442790D248385A80030E45C /* LaunchScreen.storyboard in Resources */ = {isa = PBXBuildFile; fileRef = 0442790B248385A80030E45C /* LaunchScreen.storyboard */; };
		04427918248385A80030E45C /* SafetyBox_SwiftTests.swift in Sources */ = {isa = PBXBuildFile; fileRef = 04427917248385A80030E45C /* SafetyBox_SwiftTests.swift */; };
		04427923248385A80030E45C /* SafetyBox_SwiftUITests.swift in Sources */ = {isa = PBXBuildFile; fileRef = 04427922248385A80030E45C /* SafetyBox_SwiftUITests.swift */; };
		04427967248389B00030E45C /* playstore.png in Resources */ = {isa = PBXBuildFile; fileRef = 04427965248389B00030E45C /* playstore.png */; };
		04427968248389B00030E45C /* appstore.png in Resources */ = {isa = PBXBuildFile; fileRef = 04427966248389B00030E45C /* appstore.png */; };
		0442797D248389BA0030E45C /* Contents.json in Resources */ = {isa = PBXBuildFile; fileRef = 04427969248389B80030E45C /* Contents.json */; };
		0442797E248389BA0030E45C /* 58.png in Resources */ = {isa = PBXBuildFile; fileRef = 0442796A248389B80030E45C /* 58.png */; };
		0442797F248389BA0030E45C /* 29.png in Resources */ = {isa = PBXBuildFile; fileRef = 0442796B248389B80030E45C /* 29.png */; };
		04427980248389BA0030E45C /* 167.png in Resources */ = {isa = PBXBuildFile; fileRef = 0442796C248389B80030E45C /* 167.png */; };
		04427981248389BA0030E45C /* 180.png in Resources */ = {isa = PBXBuildFile; fileRef = 0442796D248389B80030E45C /* 180.png */; };
		04427982248389BA0030E45C /* 60.png in Resources */ = {isa = PBXBuildFile; fileRef = 0442796E248389B80030E45C /* 60.png */; };
		04427983248389BA0030E45C /* 80.png in Resources */ = {isa = PBXBuildFile; fileRef = 0442796F248389B80030E45C /* 80.png */; };
		04427984248389BA0030E45C /* 152.png in Resources */ = {isa = PBXBuildFile; fileRef = 04427970248389B90030E45C /* 152.png */; };
		04427985248389BA0030E45C /* 1024.png in Resources */ = {isa = PBXBuildFile; fileRef = 04427971248389B90030E45C /* 1024.png */; };
		04427986248389BA0030E45C /* 50.png in Resources */ = {isa = PBXBuildFile; fileRef = 04427972248389B90030E45C /* 50.png */; };
		04427987248389BA0030E45C /* 87.png in Resources */ = {isa = PBXBuildFile; fileRef = 04427973248389B90030E45C /* 87.png */; };
		04427988248389BA0030E45C /* 144.png in Resources */ = {isa = PBXBuildFile; fileRef = 04427974248389B90030E45C /* 144.png */; };
		04427989248389BA0030E45C /* 72.png in Resources */ = {isa = PBXBuildFile; fileRef = 04427975248389B90030E45C /* 72.png */; };
		0442798A248389BA0030E45C /* 57.png in Resources */ = {isa = PBXBuildFile; fileRef = 04427976248389B90030E45C /* 57.png */; };
		0442798B248389BA0030E45C /* 76.png in Resources */ = {isa = PBXBuildFile; fileRef = 04427977248389B90030E45C /* 76.png */; };
		0442798C248389BA0030E45C /* 114.png in Resources */ = {isa = PBXBuildFile; fileRef = 04427978248389BA0030E45C /* 114.png */; };
		0442798D248389BA0030E45C /* 100.png in Resources */ = {isa = PBXBuildFile; fileRef = 04427979248389BA0030E45C /* 100.png */; };
		0442798E248389BA0030E45C /* 120.png in Resources */ = {isa = PBXBuildFile; fileRef = 0442797A248389BA0030E45C /* 120.png */; };
		0442798F248389BA0030E45C /* 20.png in Resources */ = {isa = PBXBuildFile; fileRef = 0442797B248389BA0030E45C /* 20.png */; };
		04427990248389BA0030E45C /* 40.png in Resources */ = {isa = PBXBuildFile; fileRef = 0442797C248389BA0030E45C /* 40.png */; };
		0442799224838ABD0030E45C /* 1024_launch.jpg in Resources */ = {isa = PBXBuildFile; fileRef = 0442799124838ABD0030E45C /* 1024_launch.jpg */; };
		0442799424838AFA0030E45C /* DashboardController.swift in Sources */ = {isa = PBXBuildFile; fileRef = 0442799324838AFA0030E45C /* DashboardController.swift */; };
		0442799724838CED0030E45C /* EmailMngrController.swift in Sources */ = {isa = PBXBuildFile; fileRef = 0442799624838CED0030E45C /* EmailMngrController.swift */; };
		0442799924838D220030E45C /* PhotosVideosController.swift in Sources */ = {isa = PBXBuildFile; fileRef = 0442799824838D220030E45C /* PhotosVideosController.swift */; };
		0442799B24838D520030E45C /* SimpleNotesController.swift in Sources */ = {isa = PBXBuildFile; fileRef = 0442799A24838D520030E45C /* SimpleNotesController.swift */; };
		0442799E24838D720030E45C /* DocumentsController.swift in Sources */ = {isa = PBXBuildFile; fileRef = 0442799D24838D720030E45C /* DocumentsController.swift */; };
		044279A024838D7D0030E45C /* WebHistoryController.swift in Sources */ = {isa = PBXBuildFile; fileRef = 0442799F24838D7D0030E45C /* WebHistoryController.swift */; };
		044279A224838DCE0030E45C /* PasswordController.swift in Sources */ = {isa = PBXBuildFile; fileRef = 044279A124838DCE0030E45C /* PasswordController.swift */; };
		044279A524838E040030E45C /* SettingsController.swift in Sources */ = {isa = PBXBuildFile; fileRef = 044279A424838E040030E45C /* SettingsController.swift */; };
		044279A824838F9E0030E45C /* BaseViewController.swift in Sources */ = {isa = PBXBuildFile; fileRef = 044279A724838F9E0030E45C /* BaseViewController.swift */; };
		044279AA24838FD60030E45C /* BaseModalViewController.swift in Sources */ = {isa = PBXBuildFile; fileRef = 044279A924838FD60030E45C /* BaseModalViewController.swift */; };
		044279AC248390A00030E45C /* RootNavigationController.swift in Sources */ = {isa = PBXBuildFile; fileRef = 044279AB248390A00030E45C /* RootNavigationController.swift */; };
		044279AE248393700030E45C /* Alamofire.framework in Frameworks */ = {isa = PBXBuildFile; fileRef = 044279AD248393700030E45C /* Alamofire.framework */; };
		044279B0248393700030E45C /* ALRadialMenu.framework in Frameworks */ = {isa = PBXBuildFile; fileRef = 044279AF248393700030E45C /* ALRadialMenu.framework */; };
		044279B2248393700030E45C /* BottomDrawer.framework in Frameworks */ = {isa = PBXBuildFile; fileRef = 044279B1248393700030E45C /* BottomDrawer.framework */; };
		044279B4248393700030E45C /* Dialog.framework in Frameworks */ = {isa = PBXBuildFile; fileRef = 044279B3248393700030E45C /* Dialog.framework */; };
		044279B6248393700030E45C /* DrawerKit.framework in Frameworks */ = {isa = PBXBuildFile; fileRef = 044279B5248393700030E45C /* DrawerKit.framework */; };
		044279B8248393700030E45C /* DropDown.framework in Frameworks */ = {isa = PBXBuildFile; fileRef = 044279B7248393700030E45C /* DropDown.framework */; };
		044279BA248393700030E45C /* GCDKit.framework in Frameworks */ = {isa = PBXBuildFile; fileRef = 044279B9248393700030E45C /* GCDKit.framework */; };
		044279BC248393700030E45C /* JGProgressHUD.framework in Frameworks */ = {isa = PBXBuildFile; fileRef = 044279BB248393700030E45C /* JGProgressHUD.framework */; };
		044279BE248393700030E45C /* JSONParserSwift.framework in Frameworks */ = {isa = PBXBuildFile; fileRef = 044279BD248393700030E45C /* JSONParserSwift.framework */; };
		044279C0248393700030E45C /* LottieEx.framework in Frameworks */ = {isa = PBXBuildFile; fileRef = 044279BF248393700030E45C /* LottieEx.framework */; };
		044279C2248393700030E45C /* Material.framework in Frameworks */ = {isa = PBXBuildFile; fileRef = 044279C1248393700030E45C /* Material.framework */; };
		044279C4248393700030E45C /* Motion.framework in Frameworks */ = {isa = PBXBuildFile; fileRef = 044279C3248393700030E45C /* Motion.framework */; };
		044279C6248393700030E45C /* NavigationDropdownMenu.framework in Frameworks */ = {isa = PBXBuildFile; fileRef = 044279C5248393700030E45C /* NavigationDropdownMenu.framework */; };
		044279C8248393700030E45C /* Pods_SafetyBox_Swift_SafetyBox_SwiftUITests.framework in Frameworks */ = {isa = PBXBuildFile; fileRef = 044279C7248393700030E45C /* Pods_SafetyBox_Swift_SafetyBox_SwiftUITests.framework */; };
		044279CA248393700030E45C /* Pods_SafetyBox_Swift.framework in Frameworks */ = {isa = PBXBuildFile; fileRef = 044279C9248393700030E45C /* Pods_SafetyBox_Swift.framework */; };
		044279CC248393700030E45C /* Pods_SafetyBox_SwiftTests.framework in Frameworks */ = {isa = PBXBuildFile; fileRef = 044279CB248393700030E45C /* Pods_SafetyBox_SwiftTests.framework */; };
		044279CE248393700030E45C /* Siesta.framework in Frameworks */ = {isa = PBXBuildFile; fileRef = 044279CD248393700030E45C /* Siesta.framework */; };
		044279D0248393700030E45C /* SnapKit.framework in Frameworks */ = {isa = PBXBuildFile; fileRef = 044279CF248393700030E45C /* SnapKit.framework */; };
		044279D2248393710030E45C /* SVProgressHUD.framework in Frameworks */ = {isa = PBXBuildFile; fileRef = 044279D1248393710030E45C /* SVProgressHUD.framework */; };
		044279D4248393710030E45C /* SwiftPopup.framework in Frameworks */ = {isa = PBXBuildFile; fileRef = 044279D3248393710030E45C /* SwiftPopup.framework */; };
		044279D6248393710030E45C /* SwiftTimer.framework in Frameworks */ = {isa = PBXBuildFile; fileRef = 044279D5248393710030E45C /* SwiftTimer.framework */; };
		044279D8248393710030E45C /* Swinject.framework in Frameworks */ = {isa = PBXBuildFile; fileRef = 044279D7248393710030E45C /* Swinject.framework */; };
		044279DA248393710030E45C /* Toast_Swift.framework in Frameworks */ = {isa = PBXBuildFile; fileRef = 044279D9248393710030E45C /* Toast_Swift.framework */; };
		044279DC248393710030E45C /* TopViewControllerDetection.framework in Frameworks */ = {isa = PBXBuildFile; fileRef = 044279DB248393710030E45C /* TopViewControllerDetection.framework */; };
		044279DE248393710030E45C /* UIColor_Hex.framework in Frameworks */ = {isa = PBXBuildFile; fileRef = 044279DD248393710030E45C /* UIColor_Hex.framework */; };
		044279E0248393710030E45C /* URWeatherView.framework in Frameworks */ = {isa = PBXBuildFile; fileRef = 044279DF248393710030E45C /* URWeatherView.framework */; };
		23722364FB5690982C2F155D /* Pods_SafetyBox_Swift_SafetyBox_SwiftUITests.framework in Frameworks */ = {isa = PBXBuildFile; fileRef = C700CB74BCE993700A668715 /* Pods_SafetyBox_Swift_SafetyBox_SwiftUITests.framework */; };
		26DB380FE8B2CFF7503785F1 /* Pods_SafetyBox_SwiftTests.framework in Frameworks */ = {isa = PBXBuildFile; fileRef = 9F522E00959C5ABD38CC6D53 /* Pods_SafetyBox_SwiftTests.framework */; };
		3F0513D494307C1EDC9EB131 /* Pods_SafetyBox_Swift.framework in Frameworks */ = {isa = PBXBuildFile; fileRef = 354C7600C6584B4491EF27C7 /* Pods_SafetyBox_Swift.framework */; };
/* End PBXBuildFile section */

/* Begin PBXContainerItemProxy section */
		04427914248385A80030E45C /* PBXContainerItemProxy */ = {
			isa = PBXContainerItemProxy;
			containerPortal = 044278F2248385A60030E45C /* Project object */;
			proxyType = 1;
			remoteGlobalIDString = 044278F9248385A60030E45C;
			remoteInfo = SafetyBox.Swift;
		};
		0442791F248385A80030E45C /* PBXContainerItemProxy */ = {
			isa = PBXContainerItemProxy;
			containerPortal = 044278F2248385A60030E45C /* Project object */;
			proxyType = 1;
			remoteGlobalIDString = 044278F9248385A60030E45C;
			remoteInfo = SafetyBox.Swift;
		};
/* End PBXContainerItemProxy section */

/* Begin PBXFileReference section */
		044278FA248385A60030E45C /* SafetyBox.Swift.app */ = {isa = PBXFileReference; explicitFileType = wrapper.application; includeInIndex = 0; path = SafetyBox.Swift.app; sourceTree = BUILT_PRODUCTS_DIR; };
		044278FD248385A60030E45C /* AppDelegate.swift */ = {isa = PBXFileReference; lastKnownFileType = sourcecode.swift; path = AppDelegate.swift; sourceTree = "<group>"; };
		04427904248385A60030E45C /* Base */ = {isa = PBXFileReference; lastKnownFileType = file.storyboard; name = Base; path = Base.lproj/Main.storyboard; sourceTree = "<group>"; };
		04427907248385A60030E45C /* SafetyBox_Swift.xcdatamodel */ = {isa = PBXFileReference; lastKnownFileType = wrapper.xcdatamodel; path = SafetyBox_Swift.xcdatamodel; sourceTree = "<group>"; };
		04427909248385A80030E45C /* Assets.xcassets */ = {isa = PBXFileReference; lastKnownFileType = folder.assetcatalog; path = Assets.xcassets; sourceTree = "<group>"; };
		0442790C248385A80030E45C /* Base */ = {isa = PBXFileReference; lastKnownFileType = file.storyboard; name = Base; path = Base.lproj/LaunchScreen.storyboard; sourceTree = "<group>"; };
		0442790E248385A80030E45C /* Info.plist */ = {isa = PBXFileReference; lastKnownFileType = text.plist.xml; path = Info.plist; sourceTree = "<group>"; };
		04427913248385A80030E45C /* SafetyBox.SwiftTests.xctest */ = {isa = PBXFileReference; explicitFileType = wrapper.cfbundle; includeInIndex = 0; path = SafetyBox.SwiftTests.xctest; sourceTree = BUILT_PRODUCTS_DIR; };
		04427917248385A80030E45C /* SafetyBox_SwiftTests.swift */ = {isa = PBXFileReference; lastKnownFileType = sourcecode.swift; path = SafetyBox_SwiftTests.swift; sourceTree = "<group>"; };
		04427919248385A80030E45C /* Info.plist */ = {isa = PBXFileReference; lastKnownFileType = text.plist.xml; path = Info.plist; sourceTree = "<group>"; };
		0442791E248385A80030E45C /* SafetyBox.SwiftUITests.xctest */ = {isa = PBXFileReference; explicitFileType = wrapper.cfbundle; includeInIndex = 0; path = SafetyBox.SwiftUITests.xctest; sourceTree = BUILT_PRODUCTS_DIR; };
		04427922248385A80030E45C /* SafetyBox_SwiftUITests.swift */ = {isa = PBXFileReference; lastKnownFileType = sourcecode.swift; path = SafetyBox_SwiftUITests.swift; sourceTree = "<group>"; };
		04427924248385A80030E45C /* Info.plist */ = {isa = PBXFileReference; lastKnownFileType = text.plist.xml; path = Info.plist; sourceTree = "<group>"; };
		04427965248389B00030E45C /* playstore.png */ = {isa = PBXFileReference; lastKnownFileType = image.png; path = playstore.png; sourceTree = "<group>"; };
		04427966248389B00030E45C /* appstore.png */ = {isa = PBXFileReference; lastKnownFileType = image.png; path = appstore.png; sourceTree = "<group>"; };
		04427969248389B80030E45C /* Contents.json */ = {isa = PBXFileReference; fileEncoding = 4; lastKnownFileType = text.json; path = Contents.json; sourceTree = "<group>"; };
		0442796A248389B80030E45C /* 58.png */ = {isa = PBXFileReference; lastKnownFileType = image.png; path = 58.png; sourceTree = "<group>"; };
		0442796B248389B80030E45C /* 29.png */ = {isa = PBXFileReference; lastKnownFileType = image.png; path = 29.png; sourceTree = "<group>"; };
		0442796C248389B80030E45C /* 167.png */ = {isa = PBXFileReference; lastKnownFileType = image.png; path = 167.png; sourceTree = "<group>"; };
		0442796D248389B80030E45C /* 180.png */ = {isa = PBXFileReference; lastKnownFileType = image.png; path = 180.png; sourceTree = "<group>"; };
		0442796E248389B80030E45C /* 60.png */ = {isa = PBXFileReference; lastKnownFileType = image.png; path = 60.png; sourceTree = "<group>"; };
		0442796F248389B80030E45C /* 80.png */ = {isa = PBXFileReference; lastKnownFileType = image.png; path = 80.png; sourceTree = "<group>"; };
		04427970248389B90030E45C /* 152.png */ = {isa = PBXFileReference; lastKnownFileType = image.png; path = 152.png; sourceTree = "<group>"; };
		04427971248389B90030E45C /* 1024.png */ = {isa = PBXFileReference; lastKnownFileType = image.png; path = 1024.png; sourceTree = "<group>"; };
		04427972248389B90030E45C /* 50.png */ = {isa = PBXFileReference; lastKnownFileType = image.png; path = 50.png; sourceTree = "<group>"; };
		04427973248389B90030E45C /* 87.png */ = {isa = PBXFileReference; lastKnownFileType = image.png; path = 87.png; sourceTree = "<group>"; };
		04427974248389B90030E45C /* 144.png */ = {isa = PBXFileReference; lastKnownFileType = image.png; path = 144.png; sourceTree = "<group>"; };
		04427975248389B90030E45C /* 72.png */ = {isa = PBXFileReference; lastKnownFileType = image.png; path = 72.png; sourceTree = "<group>"; };
		04427976248389B90030E45C /* 57.png */ = {isa = PBXFileReference; lastKnownFileType = image.png; path = 57.png; sourceTree = "<group>"; };
		04427977248389B90030E45C /* 76.png */ = {isa = PBXFileReference; lastKnownFileType = image.png; path = 76.png; sourceTree = "<group>"; };
		04427978248389BA0030E45C /* 114.png */ = {isa = PBXFileReference; lastKnownFileType = image.png; path = 114.png; sourceTree = "<group>"; };
		04427979248389BA0030E45C /* 100.png */ = {isa = PBXFileReference; lastKnownFileType = image.png; path = 100.png; sourceTree = "<group>"; };
		0442797A248389BA0030E45C /* 120.png */ = {isa = PBXFileReference; lastKnownFileType = image.png; path = 120.png; sourceTree = "<group>"; };
		0442797B248389BA0030E45C /* 20.png */ = {isa = PBXFileReference; lastKnownFileType = image.png; path = 20.png; sourceTree = "<group>"; };
		0442797C248389BA0030E45C /* 40.png */ = {isa = PBXFileReference; lastKnownFileType = image.png; path = 40.png; sourceTree = "<group>"; };
		0442799124838ABD0030E45C /* 1024_launch.jpg */ = {isa = PBXFileReference; lastKnownFileType = image.jpeg; path = 1024_launch.jpg; sourceTree = "<group>"; };
		0442799324838AFA0030E45C /* DashboardController.swift */ = {isa = PBXFileReference; lastKnownFileType = sourcecode.swift; path = DashboardController.swift; sourceTree = "<group>"; };
		0442799624838CED0030E45C /* EmailMngrController.swift */ = {isa = PBXFileReference; lastKnownFileType = sourcecode.swift; path = EmailMngrController.swift; sourceTree = "<group>"; };
		0442799824838D220030E45C /* PhotosVideosController.swift */ = {isa = PBXFileReference; lastKnownFileType = sourcecode.swift; path = PhotosVideosController.swift; sourceTree = "<group>"; };
		0442799A24838D520030E45C /* SimpleNotesController.swift */ = {isa = PBXFileReference; lastKnownFileType = sourcecode.swift; path = SimpleNotesController.swift; sourceTree = "<group>"; };
		0442799D24838D720030E45C /* DocumentsController.swift */ = {isa = PBXFileReference; lastKnownFileType = sourcecode.swift; path = DocumentsController.swift; sourceTree = "<group>"; };
		0442799F24838D7D0030E45C /* WebHistoryController.swift */ = {isa = PBXFileReference; lastKnownFileType = sourcecode.swift; path = WebHistoryController.swift; sourceTree = "<group>"; };
		044279A124838DCE0030E45C /* PasswordController.swift */ = {isa = PBXFileReference; lastKnownFileType = sourcecode.swift; path = PasswordController.swift; sourceTree = "<group>"; };
		044279A424838E040030E45C /* SettingsController.swift */ = {isa = PBXFileReference; lastKnownFileType = sourcecode.swift; path = SettingsController.swift; sourceTree = "<group>"; };
		044279A724838F9E0030E45C /* BaseViewController.swift */ = {isa = PBXFileReference; lastKnownFileType = sourcecode.swift; path = BaseViewController.swift; sourceTree = "<group>"; };
		044279A924838FD60030E45C /* BaseModalViewController.swift */ = {isa = PBXFileReference; lastKnownFileType = sourcecode.swift; path = BaseModalViewController.swift; sourceTree = "<group>"; };
		044279AB248390A00030E45C /* RootNavigationController.swift */ = {isa = PBXFileReference; lastKnownFileType = sourcecode.swift; path = RootNavigationController.swift; sourceTree = "<group>"; };
		044279AD248393700030E45C /* Alamofire.framework */ = {isa = PBXFileReference; explicitFileType = wrapper.framework; path = Alamofire.framework; sourceTree = BUILT_PRODUCTS_DIR; };
		044279AF248393700030E45C /* ALRadialMenu.framework */ = {isa = PBXFileReference; explicitFileType = wrapper.framework; path = ALRadialMenu.framework; sourceTree = BUILT_PRODUCTS_DIR; };
		044279B1248393700030E45C /* BottomDrawer.framework */ = {isa = PBXFileReference; explicitFileType = wrapper.framework; path = BottomDrawer.framework; sourceTree = BUILT_PRODUCTS_DIR; };
		044279B3248393700030E45C /* Dialog.framework */ = {isa = PBXFileReference; explicitFileType = wrapper.framework; path = Dialog.framework; sourceTree = BUILT_PRODUCTS_DIR; };
		044279B5248393700030E45C /* DrawerKit.framework */ = {isa = PBXFileReference; explicitFileType = wrapper.framework; path = DrawerKit.framework; sourceTree = BUILT_PRODUCTS_DIR; };
		044279B7248393700030E45C /* DropDown.framework */ = {isa = PBXFileReference; explicitFileType = wrapper.framework; path = DropDown.framework; sourceTree = BUILT_PRODUCTS_DIR; };
		044279B9248393700030E45C /* GCDKit.framework */ = {isa = PBXFileReference; explicitFileType = wrapper.framework; path = GCDKit.framework; sourceTree = BUILT_PRODUCTS_DIR; };
		044279BB248393700030E45C /* JGProgressHUD.framework */ = {isa = PBXFileReference; explicitFileType = wrapper.framework; path = JGProgressHUD.framework; sourceTree = BUILT_PRODUCTS_DIR; };
		044279BD248393700030E45C /* JSONParserSwift.framework */ = {isa = PBXFileReference; explicitFileType = wrapper.framework; path = JSONParserSwift.framework; sourceTree = BUILT_PRODUCTS_DIR; };
		044279BF248393700030E45C /* LottieEx.framework */ = {isa = PBXFileReference; explicitFileType = wrapper.framework; path = LottieEx.framework; sourceTree = BUILT_PRODUCTS_DIR; };
		044279C1248393700030E45C /* Material.framework */ = {isa = PBXFileReference; explicitFileType = wrapper.framework; path = Material.framework; sourceTree = BUILT_PRODUCTS_DIR; };
		044279C3248393700030E45C /* Motion.framework */ = {isa = PBXFileReference; explicitFileType = wrapper.framework; path = Motion.framework; sourceTree = BUILT_PRODUCTS_DIR; };
		044279C5248393700030E45C /* NavigationDropdownMenu.framework */ = {isa = PBXFileReference; explicitFileType = wrapper.framework; path = NavigationDropdownMenu.framework; sourceTree = BUILT_PRODUCTS_DIR; };
		044279C7248393700030E45C /* Pods_SafetyBox_Swift_SafetyBox_SwiftUITests.framework */ = {isa = PBXFileReference; explicitFileType = wrapper.framework; path = Pods_SafetyBox_Swift_SafetyBox_SwiftUITests.framework; sourceTree = BUILT_PRODUCTS_DIR; };
		044279C9248393700030E45C /* Pods_SafetyBox_Swift.framework */ = {isa = PBXFileReference; explicitFileType = wrapper.framework; path = Pods_SafetyBox_Swift.framework; sourceTree = BUILT_PRODUCTS_DIR; };
		044279CB248393700030E45C /* Pods_SafetyBox_SwiftTests.framework */ = {isa = PBXFileReference; explicitFileType = wrapper.framework; path = Pods_SafetyBox_SwiftTests.framework; sourceTree = BUILT_PRODUCTS_DIR; };
		044279CD248393700030E45C /* Siesta.framework */ = {isa = PBXFileReference; explicitFileType = wrapper.framework; path = Siesta.framework; sourceTree = BUILT_PRODUCTS_DIR; };
		044279CF248393700030E45C /* SnapKit.framework */ = {isa = PBXFileReference; explicitFileType = wrapper.framework; path = SnapKit.framework; sourceTree = BUILT_PRODUCTS_DIR; };
		044279D1248393710030E45C /* SVProgressHUD.framework */ = {isa = PBXFileReference; explicitFileType = wrapper.framework; path = SVProgressHUD.framework; sourceTree = BUILT_PRODUCTS_DIR; };
		044279D3248393710030E45C /* SwiftPopup.framework */ = {isa = PBXFileReference; explicitFileType = wrapper.framework; path = SwiftPopup.framework; sourceTree = BUILT_PRODUCTS_DIR; };
		044279D5248393710030E45C /* SwiftTimer.framework */ = {isa = PBXFileReference; explicitFileType = wrapper.framework; path = SwiftTimer.framework; sourceTree = BUILT_PRODUCTS_DIR; };
		044279D7248393710030E45C /* Swinject.framework */ = {isa = PBXFileReference; explicitFileType = wrapper.framework; path = Swinject.framework; sourceTree = BUILT_PRODUCTS_DIR; };
		044279D9248393710030E45C /* Toast_Swift.framework */ = {isa = PBXFileReference; explicitFileType = wrapper.framework; path = Toast_Swift.framework; sourceTree = BUILT_PRODUCTS_DIR; };
		044279DB248393710030E45C /* TopViewControllerDetection.framework */ = {isa = PBXFileReference; explicitFileType = wrapper.framework; path = TopViewControllerDetection.framework; sourceTree = BUILT_PRODUCTS_DIR; };
		044279DD248393710030E45C /* UIColor_Hex.framework */ = {isa = PBXFileReference; explicitFileType = wrapper.framework; path = UIColor_Hex.framework; sourceTree = BUILT_PRODUCTS_DIR; };
		044279DF248393710030E45C /* URWeatherView.framework */ = {isa = PBXFileReference; explicitFileType = wrapper.framework; path = URWeatherView.framework; sourceTree = BUILT_PRODUCTS_DIR; };
		0527133D5552F982DABB8DC4 /* Pods-SafetyBox.Swift.debug.xcconfig */ = {isa = PBXFileReference; includeInIndex = 1; lastKnownFileType = text.xcconfig; name = "Pods-SafetyBox.Swift.debug.xcconfig"; path = "Target Support Files/Pods-SafetyBox.Swift/Pods-SafetyBox.Swift.debug.xcconfig"; sourceTree = "<group>"; };
		354C7600C6584B4491EF27C7 /* Pods_SafetyBox_Swift.framework */ = {isa = PBXFileReference; explicitFileType = wrapper.framework; includeInIndex = 0; path = Pods_SafetyBox_Swift.framework; sourceTree = BUILT_PRODUCTS_DIR; };
		635DE5AE6DF0F4F8639FA92F /* Pods-SafetyBox.Swift-SafetyBox.SwiftUITests.release.xcconfig */ = {isa = PBXFileReference; includeInIndex = 1; lastKnownFileType = text.xcconfig; name = "Pods-SafetyBox.Swift-SafetyBox.SwiftUITests.release.xcconfig"; path = "Target Support Files/Pods-SafetyBox.Swift-SafetyBox.SwiftUITests/Pods-SafetyBox.Swift-SafetyBox.SwiftUITests.release.xcconfig"; sourceTree = "<group>"; };
		7166A966535F963FB7C00EF3 /* Pods-SafetyBox.SwiftTests.debug.xcconfig */ = {isa = PBXFileReference; includeInIndex = 1; lastKnownFileType = text.xcconfig; name = "Pods-SafetyBox.SwiftTests.debug.xcconfig"; path = "Target Support Files/Pods-SafetyBox.SwiftTests/Pods-SafetyBox.SwiftTests.debug.xcconfig"; sourceTree = "<group>"; };
		9F522E00959C5ABD38CC6D53 /* Pods_SafetyBox_SwiftTests.framework */ = {isa = PBXFileReference; explicitFileType = wrapper.framework; includeInIndex = 0; path = Pods_SafetyBox_SwiftTests.framework; sourceTree = BUILT_PRODUCTS_DIR; };
		C700CB74BCE993700A668715 /* Pods_SafetyBox_Swift_SafetyBox_SwiftUITests.framework */ = {isa = PBXFileReference; explicitFileType = wrapper.framework; includeInIndex = 0; path = Pods_SafetyBox_Swift_SafetyBox_SwiftUITests.framework; sourceTree = BUILT_PRODUCTS_DIR; };
		CE4BC48ADF1BFEE7DC1B6FE6 /* Pods-SafetyBox.Swift-SafetyBox.SwiftUITests.debug.xcconfig */ = {isa = PBXFileReference; includeInIndex = 1; lastKnownFileType = text.xcconfig; name = "Pods-SafetyBox.Swift-SafetyBox.SwiftUITests.debug.xcconfig"; path = "Target Support Files/Pods-SafetyBox.Swift-SafetyBox.SwiftUITests/Pods-SafetyBox.Swift-SafetyBox.SwiftUITests.debug.xcconfig"; sourceTree = "<group>"; };
		D990D4DEC28A436990AF4096 /* Pods-SafetyBox.Swift.release.xcconfig */ = {isa = PBXFileReference; includeInIndex = 1; lastKnownFileType = text.xcconfig; name = "Pods-SafetyBox.Swift.release.xcconfig"; path = "Target Support Files/Pods-SafetyBox.Swift/Pods-SafetyBox.Swift.release.xcconfig"; sourceTree = "<group>"; };
		FF3C49E4F7BFEA3C4A3964FC /* Pods-SafetyBox.SwiftTests.release.xcconfig */ = {isa = PBXFileReference; includeInIndex = 1; lastKnownFileType = text.xcconfig; name = "Pods-SafetyBox.SwiftTests.release.xcconfig"; path = "Target Support Files/Pods-SafetyBox.SwiftTests/Pods-SafetyBox.SwiftTests.release.xcconfig"; sourceTree = "<group>"; };
/* End PBXFileReference section */

/* Begin PBXFrameworksBuildPhase section */
		044278F7248385A60030E45C /* Frameworks */ = {
			isa = PBXFrameworksBuildPhase;
			buildActionMask = 2147483647;
			files = (
				044279AE248393700030E45C /* Alamofire.framework in Frameworks */,
				044279B0248393700030E45C /* ALRadialMenu.framework in Frameworks */,
				044279B2248393700030E45C /* BottomDrawer.framework in Frameworks */,
				044279B4248393700030E45C /* Dialog.framework in Frameworks */,
				044279B6248393700030E45C /* DrawerKit.framework in Frameworks */,
				044279B8248393700030E45C /* DropDown.framework in Frameworks */,
				044279BA248393700030E45C /* GCDKit.framework in Frameworks */,
				044279BC248393700030E45C /* JGProgressHUD.framework in Frameworks */,
				044279BE248393700030E45C /* JSONParserSwift.framework in Frameworks */,
				044279C0248393700030E45C /* LottieEx.framework in Frameworks */,
				044279C2248393700030E45C /* Material.framework in Frameworks */,
				044279C4248393700030E45C /* Motion.framework in Frameworks */,
				044279C6248393700030E45C /* NavigationDropdownMenu.framework in Frameworks */,
				044279C8248393700030E45C /* Pods_SafetyBox_Swift_SafetyBox_SwiftUITests.framework in Frameworks */,
				044279CA248393700030E45C /* Pods_SafetyBox_Swift.framework in Frameworks */,
				044279CC248393700030E45C /* Pods_SafetyBox_SwiftTests.framework in Frameworks */,
				044279CE248393700030E45C /* Siesta.framework in Frameworks */,
				044279D0248393700030E45C /* SnapKit.framework in Frameworks */,
				044279D2248393710030E45C /* SVProgressHUD.framework in Frameworks */,
				044279D4248393710030E45C /* SwiftPopup.framework in Frameworks */,
				044279D6248393710030E45C /* SwiftTimer.framework in Frameworks */,
				044279D8248393710030E45C /* Swinject.framework in Frameworks */,
				044279DA248393710030E45C /* Toast_Swift.framework in Frameworks */,
				044279DC248393710030E45C /* TopViewControllerDetection.framework in Frameworks */,
				044279DE248393710030E45C /* UIColor_Hex.framework in Frameworks */,
				044279E0248393710030E45C /* URWeatherView.framework in Frameworks */,
				3F0513D494307C1EDC9EB131 /* Pods_SafetyBox_Swift.framework in Frameworks */,
			);
			runOnlyForDeploymentPostprocessing = 0;
		};
		04427910248385A80030E45C /* Frameworks */ = {
			isa = PBXFrameworksBuildPhase;
			buildActionMask = 2147483647;
			files = (
				26DB380FE8B2CFF7503785F1 /* Pods_SafetyBox_SwiftTests.framework in Frameworks */,
			);
			runOnlyForDeploymentPostprocessing = 0;
		};
		0442791B248385A80030E45C /* Frameworks */ = {
			isa = PBXFrameworksBuildPhase;
			buildActionMask = 2147483647;
			files = (
				23722364FB5690982C2F155D /* Pods_SafetyBox_Swift_SafetyBox_SwiftUITests.framework in Frameworks */,
			);
			runOnlyForDeploymentPostprocessing = 0;
		};
/* End PBXFrameworksBuildPhase section */

/* Begin PBXGroup section */
		044278F1248385A60030E45C = {
			isa = PBXGroup;
			children = (
				044278FC248385A60030E45C /* SafetyBox.Swift */,
				04427916248385A80030E45C /* SafetyBox.SwiftTests */,
				04427921248385A80030E45C /* SafetyBox.SwiftUITests */,
				044278FB248385A60030E45C /* Products */,
				C62AEE7F19EAF8F5530F4AC8 /* Pods */,
				DAFD911F02616334C6C85FC1 /* Frameworks */,
			);
			sourceTree = "<group>";
		};
		044278FB248385A60030E45C /* Products */ = {
			isa = PBXGroup;
			children = (
				044278FA248385A60030E45C /* SafetyBox.Swift.app */,
				04427913248385A80030E45C /* SafetyBox.SwiftTests.xctest */,
				0442791E248385A80030E45C /* SafetyBox.SwiftUITests.xctest */,
			);
			name = Products;
			sourceTree = "<group>";
		};
		044278FC248385A60030E45C /* SafetyBox.Swift */ = {
			isa = PBXGroup;
			children = (
				04427935248387B10030E45C /* Resources */,
				04427934248386FA0030E45C /* Services */,
				04427933248386EF0030E45C /* ContractDtos */,
				04427932248386EA0030E45C /* ViewModels */,
				04427931248386C80030E45C /* Helpers */,
				04427930248386BC0030E45C /* Controllers */,
				044278FD248385A60030E45C /* AppDelegate.swift */,
				04427903248385A60030E45C /* Main.storyboard */,
				04427909248385A80030E45C /* Assets.xcassets */,
				0442790B248385A80030E45C /* LaunchScreen.storyboard */,
				0442790E248385A80030E45C /* Info.plist */,
				04427906248385A60030E45C /* SafetyBox_Swift.xcdatamodeld */,
			);
			path = SafetyBox.Swift;
			sourceTree = "<group>";
		};
		04427916248385A80030E45C /* SafetyBox.SwiftTests */ = {
			isa = PBXGroup;
			children = (
				04427917248385A80030E45C /* SafetyBox_SwiftTests.swift */,
				04427919248385A80030E45C /* Info.plist */,
			);
			path = SafetyBox.SwiftTests;
			sourceTree = "<group>";
		};
		04427921248385A80030E45C /* SafetyBox.SwiftUITests */ = {
			isa = PBXGroup;
			children = (
				04427922248385A80030E45C /* SafetyBox_SwiftUITests.swift */,
				04427924248385A80030E45C /* Info.plist */,
			);
			path = SafetyBox.SwiftUITests;
			sourceTree = "<group>";
		};
		04427930248386BC0030E45C /* Controllers */ = {
			isa = PBXGroup;
			children = (
				044279A624838F910030E45C /* Base */,
				0442799524838CE00030E45C /* Categories */,
				0442799324838AFA0030E45C /* DashboardController.swift */,
				044279A424838E040030E45C /* SettingsController.swift */,
				044279AB248390A00030E45C /* RootNavigationController.swift */,
			);
			path = Controllers;
			sourceTree = "<group>";
		};
		04427931248386C80030E45C /* Helpers */ = {
			isa = PBXGroup;
			children = (
			);
			path = Helpers;
			sourceTree = "<group>";
		};
		04427932248386EA0030E45C /* ViewModels */ = {
			isa = PBXGroup;
			children = (
			);
			path = ViewModels;
			sourceTree = "<group>";
		};
		04427933248386EF0030E45C /* ContractDtos */ = {
			isa = PBXGroup;
			children = (
			);
			path = ContractDtos;
			sourceTree = "<group>";
		};
		04427934248386FA0030E45C /* Services */ = {
			isa = PBXGroup;
			children = (
			);
			path = Services;
			sourceTree = "<group>";
		};
		04427935248387B10030E45C /* Resources */ = {
			isa = PBXGroup;
			children = (
				04427966248389B00030E45C /* appstore.png */,
				0442797B248389BA0030E45C /* 20.png */,
				0442796B248389B80030E45C /* 29.png */,
				0442797C248389BA0030E45C /* 40.png */,
				04427972248389B90030E45C /* 50.png */,
				04427976248389B90030E45C /* 57.png */,
				0442796A248389B80030E45C /* 58.png */,
				0442796E248389B80030E45C /* 60.png */,
				04427975248389B90030E45C /* 72.png */,
				04427977248389B90030E45C /* 76.png */,
				0442796F248389B80030E45C /* 80.png */,
				04427973248389B90030E45C /* 87.png */,
				04427979248389BA0030E45C /* 100.png */,
				04427978248389BA0030E45C /* 114.png */,
				0442797A248389BA0030E45C /* 120.png */,
				0442799124838ABD0030E45C /* 1024_launch.jpg */,
				04427974248389B90030E45C /* 144.png */,
				04427970248389B90030E45C /* 152.png */,
				0442796C248389B80030E45C /* 167.png */,
				0442796D248389B80030E45C /* 180.png */,
				04427971248389B90030E45C /* 1024.png */,
				04427969248389B80030E45C /* Contents.json */,
				04427965248389B00030E45C /* playstore.png */,
				04427936248387B80030E45C /* Icons */,
			);
			path = Resources;
			sourceTree = "<group>";
		};
		04427936248387B80030E45C /* Icons */ = {
			isa = PBXGroup;
			children = (
			);
			path = Icons;
			sourceTree = "<group>";
		};
		0442799524838CE00030E45C /* Categories */ = {
			isa = PBXGroup;
			children = (
				0442799624838CED0030E45C /* EmailMngrController.swift */,
				0442799824838D220030E45C /* PhotosVideosController.swift */,
				0442799A24838D520030E45C /* SimpleNotesController.swift */,
				0442799D24838D720030E45C /* DocumentsController.swift */,
				0442799F24838D7D0030E45C /* WebHistoryController.swift */,
				044279A124838DCE0030E45C /* PasswordController.swift */,
			);
			path = Categories;
			sourceTree = "<group>";
		};
		044279A624838F910030E45C /* Base */ = {
			isa = PBXGroup;
			children = (
				044279A724838F9E0030E45C /* BaseViewController.swift */,
				044279A924838FD60030E45C /* BaseModalViewController.swift */,
			);
			path = Base;
			sourceTree = "<group>";
		};
		C62AEE7F19EAF8F5530F4AC8 /* Pods */ = {
			isa = PBXGroup;
			children = (
				0527133D5552F982DABB8DC4 /* Pods-SafetyBox.Swift.debug.xcconfig */,
				D990D4DEC28A436990AF4096 /* Pods-SafetyBox.Swift.release.xcconfig */,
				CE4BC48ADF1BFEE7DC1B6FE6 /* Pods-SafetyBox.Swift-SafetyBox.SwiftUITests.debug.xcconfig */,
				635DE5AE6DF0F4F8639FA92F /* Pods-SafetyBox.Swift-SafetyBox.SwiftUITests.release.xcconfig */,
				7166A966535F963FB7C00EF3 /* Pods-SafetyBox.SwiftTests.debug.xcconfig */,
				FF3C49E4F7BFEA3C4A3964FC /* Pods-SafetyBox.SwiftTests.release.xcconfig */,
			);
			path = Pods;
			sourceTree = "<group>";
		};
		DAFD911F02616334C6C85FC1 /* Frameworks */ = {
			isa = PBXGroup;
			children = (
				044279AD248393700030E45C /* Alamofire.framework */,
				044279AF248393700030E45C /* ALRadialMenu.framework */,
				044279B1248393700030E45C /* BottomDrawer.framework */,
				044279B3248393700030E45C /* Dialog.framework */,
				044279B5248393700030E45C /* DrawerKit.framework */,
				044279B7248393700030E45C /* DropDown.framework */,
				044279B9248393700030E45C /* GCDKit.framework */,
				044279BB248393700030E45C /* JGProgressHUD.framework */,
				044279BD248393700030E45C /* JSONParserSwift.framework */,
				044279BF248393700030E45C /* LottieEx.framework */,
				044279C1248393700030E45C /* Material.framework */,
				044279C3248393700030E45C /* Motion.framework */,
				044279C5248393700030E45C /* NavigationDropdownMenu.framework */,
				044279C7248393700030E45C /* Pods_SafetyBox_Swift_SafetyBox_SwiftUITests.framework */,
				044279C9248393700030E45C /* Pods_SafetyBox_Swift.framework */,
				044279CB248393700030E45C /* Pods_SafetyBox_SwiftTests.framework */,
				044279CD248393700030E45C /* Siesta.framework */,
				044279CF248393700030E45C /* SnapKit.framework */,
				044279D1248393710030E45C /* SVProgressHUD.framework */,
				044279D3248393710030E45C /* SwiftPopup.framework */,
				044279D5248393710030E45C /* SwiftTimer.framework */,
				044279D7248393710030E45C /* Swinject.framework */,
				044279D9248393710030E45C /* Toast_Swift.framework */,
				044279DB248393710030E45C /* TopViewControllerDetection.framework */,
				044279DD248393710030E45C /* UIColor_Hex.framework */,
				044279DF248393710030E45C /* URWeatherView.framework */,
				354C7600C6584B4491EF27C7 /* Pods_SafetyBox_Swift.framework */,
				C700CB74BCE993700A668715 /* Pods_SafetyBox_Swift_SafetyBox_SwiftUITests.framework */,
				9F522E00959C5ABD38CC6D53 /* Pods_SafetyBox_SwiftTests.framework */,
			);
			name = Frameworks;
			sourceTree = "<group>";
		};
/* End PBXGroup section */

/* Begin PBXNativeTarget section */
		044278F9248385A60030E45C /* SafetyBox.Swift */ = {
			isa = PBXNativeTarget;
			buildConfigurationList = 04427927248385A80030E45C /* Build configuration list for PBXNativeTarget "SafetyBox.Swift" */;
			buildPhases = (
				9585909BAE67568F3962B422 /* [CP] Check Pods Manifest.lock */,
				044278F6248385A60030E45C /* Sources */,
				044278F7248385A60030E45C /* Frameworks */,
				044278F8248385A60030E45C /* Resources */,
				17C1F0C66261C9C80244DB13 /* [CP] Embed Pods Frameworks */,
			);
			buildRules = (
			);
			dependencies = (
			);
			name = SafetyBox.Swift;
			productName = SafetyBox.Swift;
			productReference = 044278FA248385A60030E45C /* SafetyBox.Swift.app */;
			productType = "com.apple.product-type.application";
		};
		04427912248385A80030E45C /* SafetyBox.SwiftTests */ = {
			isa = PBXNativeTarget;
			buildConfigurationList = 0442792A248385A80030E45C /* Build configuration list for PBXNativeTarget "SafetyBox.SwiftTests" */;
			buildPhases = (
				BADD29164CBA55CA04B49256 /* [CP] Check Pods Manifest.lock */,
				0442790F248385A80030E45C /* Sources */,
				04427910248385A80030E45C /* Frameworks */,
				04427911248385A80030E45C /* Resources */,
			);
			buildRules = (
			);
			dependencies = (
				04427915248385A80030E45C /* PBXTargetDependency */,
			);
			name = SafetyBox.SwiftTests;
			productName = SafetyBox.SwiftTests;
			productReference = 04427913248385A80030E45C /* SafetyBox.SwiftTests.xctest */;
			productType = "com.apple.product-type.bundle.unit-test";
		};
		0442791D248385A80030E45C /* SafetyBox.SwiftUITests */ = {
			isa = PBXNativeTarget;
			buildConfigurationList = 0442792D248385A80030E45C /* Build configuration list for PBXNativeTarget "SafetyBox.SwiftUITests" */;
			buildPhases = (
				585E2834F7FBE531E34088FA /* [CP] Check Pods Manifest.lock */,
				0442791A248385A80030E45C /* Sources */,
				0442791B248385A80030E45C /* Frameworks */,
				0442791C248385A80030E45C /* Resources */,
				489F3C41F9524A3FD59F1894 /* [CP] Embed Pods Frameworks */,
			);
			buildRules = (
			);
			dependencies = (
				04427920248385A80030E45C /* PBXTargetDependency */,
			);
			name = SafetyBox.SwiftUITests;
			productName = SafetyBox.SwiftUITests;
			productReference = 0442791E248385A80030E45C /* SafetyBox.SwiftUITests.xctest */;
			productType = "com.apple.product-type.bundle.ui-testing";
		};
/* End PBXNativeTarget section */

/* Begin PBXProject section */
		044278F2248385A60030E45C /* Project object */ = {
			isa = PBXProject;
			attributes = {
				LastSwiftUpdateCheck = 1150;
				LastUpgradeCheck = 1150;
				ORGANIZATIONNAME = "Dan Gerchcovich";
				TargetAttributes = {
					044278F9248385A60030E45C = {
						CreatedOnToolsVersion = 11.5;
					};
					04427912248385A80030E45C = {
						CreatedOnToolsVersion = 11.5;
						TestTargetID = 044278F9248385A60030E45C;
					};
					0442791D248385A80030E45C = {
						CreatedOnToolsVersion = 11.5;
						TestTargetID = 044278F9248385A60030E45C;
					};
				};
			};
			buildConfigurationList = 044278F5248385A60030E45C /* Build configuration list for PBXProject "SafetyBox.Swift" */;
			compatibilityVersion = "Xcode 9.3";
			developmentRegion = en;
			hasScannedForEncodings = 0;
			knownRegions = (
				en,
				Base,
			);
			mainGroup = 044278F1248385A60030E45C;
			productRefGroup = 044278FB248385A60030E45C /* Products */;
			projectDirPath = "";
			projectRoot = "";
			targets = (
				044278F9248385A60030E45C /* SafetyBox.Swift */,
				04427912248385A80030E45C /* SafetyBox.SwiftTests */,
				0442791D248385A80030E45C /* SafetyBox.SwiftUITests */,
			);
		};
/* End PBXProject section */

/* Begin PBXResourcesBuildPhase section */
		044278F8248385A60030E45C /* Resources */ = {
			isa = PBXResourcesBuildPhase;
			buildActionMask = 2147483647;
			files = (
				04427989248389BA0030E45C /* 72.png in Resources */,
				04427986248389BA0030E45C /* 50.png in Resources */,
				04427988248389BA0030E45C /* 144.png in Resources */,
				0442798F248389BA0030E45C /* 20.png in Resources */,
				04427968248389B00030E45C /* appstore.png in Resources */,
				0442797E248389BA0030E45C /* 58.png in Resources */,
				0442790D248385A80030E45C /* LaunchScreen.storyboard in Resources */,
				04427980248389BA0030E45C /* 167.png in Resources */,
				0442798D248389BA0030E45C /* 100.png in Resources */,
				0442790A248385A80030E45C /* Assets.xcassets in Resources */,
				04427981248389BA0030E45C /* 180.png in Resources */,
				0442797F248389BA0030E45C /* 29.png in Resources */,
				0442798B248389BA0030E45C /* 76.png in Resources */,
				04427987248389BA0030E45C /* 87.png in Resources */,
				0442798E248389BA0030E45C /* 120.png in Resources */,
				0442799224838ABD0030E45C /* 1024_launch.jpg in Resources */,
				04427990248389BA0030E45C /* 40.png in Resources */,
				0442798C248389BA0030E45C /* 114.png in Resources */,
				04427905248385A60030E45C /* Main.storyboard in Resources */,
				0442798A248389BA0030E45C /* 57.png in Resources */,
				04427984248389BA0030E45C /* 152.png in Resources */,
				04427967248389B00030E45C /* playstore.png in Resources */,
				04427985248389BA0030E45C /* 1024.png in Resources */,
				04427983248389BA0030E45C /* 80.png in Resources */,
				04427982248389BA0030E45C /* 60.png in Resources */,
				0442797D248389BA0030E45C /* Contents.json in Resources */,
			);
			runOnlyForDeploymentPostprocessing = 0;
		};
		04427911248385A80030E45C /* Resources */ = {
			isa = PBXResourcesBuildPhase;
			buildActionMask = 2147483647;
			files = (
			);
			runOnlyForDeploymentPostprocessing = 0;
		};
		0442791C248385A80030E45C /* Resources */ = {
			isa = PBXResourcesBuildPhase;
			buildActionMask = 2147483647;
			files = (
			);
			runOnlyForDeploymentPostprocessing = 0;
		};
/* End PBXResourcesBuildPhase section */

/* Begin PBXShellScriptBuildPhase section */
		17C1F0C66261C9C80244DB13 /* [CP] Embed Pods Frameworks */ = {
			isa = PBXShellScriptBuildPhase;
			buildActionMask = 2147483647;
			files = (
			);
			inputFileListPaths = (
				"${PODS_ROOT}/Target Support Files/Pods-SafetyBox.Swift/Pods-SafetyBox.Swift-frameworks-${CONFIGURATION}-input-files.xcfilelist",
			);
			name = "[CP] Embed Pods Frameworks";
			outputFileListPaths = (
				"${PODS_ROOT}/Target Support Files/Pods-SafetyBox.Swift/Pods-SafetyBox.Swift-frameworks-${CONFIGURATION}-output-files.xcfilelist",
			);
			runOnlyForDeploymentPostprocessing = 0;
			shellPath = /bin/sh;
			shellScript = "\"${PODS_ROOT}/Target Support Files/Pods-SafetyBox.Swift/Pods-SafetyBox.Swift-frameworks.sh\"\n";
			showEnvVarsInLog = 0;
		};
		489F3C41F9524A3FD59F1894 /* [CP] Embed Pods Frameworks */ = {
			isa = PBXShellScriptBuildPhase;
			buildActionMask = 2147483647;
			files = (
			);
			inputFileListPaths = (
				"${PODS_ROOT}/Target Support Files/Pods-SafetyBox.Swift-SafetyBox.SwiftUITests/Pods-SafetyBox.Swift-SafetyBox.SwiftUITests-frameworks-${CONFIGURATION}-input-files.xcfilelist",
			);
			name = "[CP] Embed Pods Frameworks";
			outputFileListPaths = (
				"${PODS_ROOT}/Target Support Files/Pods-SafetyBox.Swift-SafetyBox.SwiftUITests/Pods-SafetyBox.Swift-SafetyBox.SwiftUITests-frameworks-${CONFIGURATION}-output-files.xcfilelist",
			);
			runOnlyForDeploymentPostprocessing = 0;
			shellPath = /bin/sh;
			shellScript = "\"${PODS_ROOT}/Target Support Files/Pods-SafetyBox.Swift-SafetyBox.SwiftUITests/Pods-SafetyBox.Swift-SafetyBox.SwiftUITests-frameworks.sh\"\n";
			showEnvVarsInLog = 0;
		};
		585E2834F7FBE531E34088FA /* [CP] Check Pods Manifest.lock */ = {
			isa = PBXShellScriptBuildPhase;
			buildActionMask = 2147483647;
			files = (
			);
			inputFileListPaths = (
			);
			inputPaths = (
				"${PODS_PODFILE_DIR_PATH}/Podfile.lock",
				"${PODS_ROOT}/Manifest.lock",
			);
			name = "[CP] Check Pods Manifest.lock";
			outputFileListPaths = (
			);
			outputPaths = (
				"$(DERIVED_FILE_DIR)/Pods-SafetyBox.Swift-SafetyBox.SwiftUITests-checkManifestLockResult.txt",
			);
			runOnlyForDeploymentPostprocessing = 0;
			shellPath = /bin/sh;
			shellScript = "diff \"${PODS_PODFILE_DIR_PATH}/Podfile.lock\" \"${PODS_ROOT}/Manifest.lock\" > /dev/null\nif [ $? != 0 ] ; then\n    # print error to STDERR\n    echo \"error: The sandbox is not in sync with the Podfile.lock. Run 'pod install' or update your CocoaPods installation.\" >&2\n    exit 1\nfi\n# This output is used by Xcode 'outputs' to avoid re-running this script phase.\necho \"SUCCESS\" > \"${SCRIPT_OUTPUT_FILE_0}\"\n";
			showEnvVarsInLog = 0;
		};
		9585909BAE67568F3962B422 /* [CP] Check Pods Manifest.lock */ = {
			isa = PBXShellScriptBuildPhase;
			buildActionMask = 2147483647;
			files = (
			);
			inputFileListPaths = (
			);
			inputPaths = (
				"${PODS_PODFILE_DIR_PATH}/Podfile.lock",
				"${PODS_ROOT}/Manifest.lock",
			);
			name = "[CP] Check Pods Manifest.lock";
			outputFileListPaths = (
			);
			outputPaths = (
				"$(DERIVED_FILE_DIR)/Pods-SafetyBox.Swift-checkManifestLockResult.txt",
			);
			runOnlyForDeploymentPostprocessing = 0;
			shellPath = /bin/sh;
			shellScript = "diff \"${PODS_PODFILE_DIR_PATH}/Podfile.lock\" \"${PODS_ROOT}/Manifest.lock\" > /dev/null\nif [ $? != 0 ] ; then\n    # print error to STDERR\n    echo \"error: The sandbox is not in sync with the Podfile.lock. Run 'pod install' or update your CocoaPods installation.\" >&2\n    exit 1\nfi\n# This output is used by Xcode 'outputs' to avoid re-running this script phase.\necho \"SUCCESS\" > \"${SCRIPT_OUTPUT_FILE_0}\"\n";
			showEnvVarsInLog = 0;
		};
		BADD29164CBA55CA04B49256 /* [CP] Check Pods Manifest.lock */ = {
			isa = PBXShellScriptBuildPhase;
			buildActionMask = 2147483647;
			files = (
			);
			inputFileListPaths = (
			);
			inputPaths = (
				"${PODS_PODFILE_DIR_PATH}/Podfile.lock",
				"${PODS_ROOT}/Manifest.lock",
			);
			name = "[CP] Check Pods Manifest.lock";
			outputFileListPaths = (
			);
			outputPaths = (
				"$(DERIVED_FILE_DIR)/Pods-SafetyBox.SwiftTests-checkManifestLockResult.txt",
			);
			runOnlyForDeploymentPostprocessing = 0;
			shellPath = /bin/sh;
			shellScript = "diff \"${PODS_PODFILE_DIR_PATH}/Podfile.lock\" \"${PODS_ROOT}/Manifest.lock\" > /dev/null\nif [ $? != 0 ] ; then\n    # print error to STDERR\n    echo \"error: The sandbox is not in sync with the Podfile.lock. Run 'pod install' or update your CocoaPods installation.\" >&2\n    exit 1\nfi\n# This output is used by Xcode 'outputs' to avoid re-running this script phase.\necho \"SUCCESS\" > \"${SCRIPT_OUTPUT_FILE_0}\"\n";
			showEnvVarsInLog = 0;
		};
/* End PBXShellScriptBuildPhase section */

/* Begin PBXSourcesBuildPhase section */
		044278F6248385A60030E45C /* Sources */ = {
			isa = PBXSourcesBuildPhase;
			buildActionMask = 2147483647;
			files = (
				0442799724838CED0030E45C /* EmailMngrController.swift in Sources */,
				044279A024838D7D0030E45C /* WebHistoryController.swift in Sources */,
				044279A824838F9E0030E45C /* BaseViewController.swift in Sources */,
				044279AA24838FD60030E45C /* BaseModalViewController.swift in Sources */,
				0442799924838D220030E45C /* PhotosVideosController.swift in Sources */,
				04427908248385A60030E45C /* SafetyBox_Swift.xcdatamodeld in Sources */,
				044279AC248390A00030E45C /* RootNavigationController.swift in Sources */,
				0442799424838AFA0030E45C /* DashboardController.swift in Sources */,
				044279A224838DCE0030E45C /* PasswordController.swift in Sources */,
				044279A524838E040030E45C /* SettingsController.swift in Sources */,
				044278FE248385A60030E45C /* AppDelegate.swift in Sources */,
				0442799E24838D720030E45C /* DocumentsController.swift in Sources */,
				0442799B24838D520030E45C /* SimpleNotesController.swift in Sources */,
			);
			runOnlyForDeploymentPostprocessing = 0;
		};
		0442790F248385A80030E45C /* Sources */ = {
			isa = PBXSourcesBuildPhase;
			buildActionMask = 2147483647;
			files = (
				04427918248385A80030E45C /* SafetyBox_SwiftTests.swift in Sources */,
			);
			runOnlyForDeploymentPostprocessing = 0;
		};
		0442791A248385A80030E45C /* Sources */ = {
			isa = PBXSourcesBuildPhase;
			buildActionMask = 2147483647;
			files = (
				04427923248385A80030E45C /* SafetyBox_SwiftUITests.swift in Sources */,
			);
			runOnlyForDeploymentPostprocessing = 0;
		};
/* End PBXSourcesBuildPhase section */

/* Begin PBXTargetDependency section */
		04427915248385A80030E45C /* PBXTargetDependency */ = {
			isa = PBXTargetDependency;
			target = 044278F9248385A60030E45C /* SafetyBox.Swift */;
			targetProxy = 04427914248385A80030E45C /* PBXContainerItemProxy */;
		};
		04427920248385A80030E45C /* PBXTargetDependency */ = {
			isa = PBXTargetDependency;
			target = 044278F9248385A60030E45C /* SafetyBox.Swift */;
			targetProxy = 0442791F248385A80030E45C /* PBXContainerItemProxy */;
		};
/* End PBXTargetDependency section */

/* Begin PBXVariantGroup section */
		04427903248385A60030E45C /* Main.storyboard */ = {
			isa = PBXVariantGroup;
			children = (
				04427904248385A60030E45C /* Base */,
			);
			name = Main.storyboard;
			sourceTree = "<group>";
		};
		0442790B248385A80030E45C /* LaunchScreen.storyboard */ = {
			isa = PBXVariantGroup;
			children = (
				0442790C248385A80030E45C /* Base */,
			);
			name = LaunchScreen.storyboard;
			sourceTree = "<group>";
		};
/* End PBXVariantGroup section */

/* Begin XCBuildConfiguration section */
		04427925248385A80030E45C /* Debug */ = {
			isa = XCBuildConfiguration;
			buildSettings = {
				ALWAYS_SEARCH_USER_PATHS = NO;
				CLANG_ANALYZER_NONNULL = YES;
				CLANG_ANALYZER_NUMBER_OBJECT_CONVERSION = YES_AGGRESSIVE;
				CLANG_CXX_LANGUAGE_STANDARD = "gnu++14";
				CLANG_CXX_LIBRARY = "libc++";
				CLANG_ENABLE_MODULES = YES;
				CLANG_ENABLE_OBJC_ARC = YES;
				CLANG_ENABLE_OBJC_WEAK = YES;
				CLANG_WARN_BLOCK_CAPTURE_AUTORELEASING = YES;
				CLANG_WARN_BOOL_CONVERSION = YES;
				CLANG_WARN_COMMA = YES;
				CLANG_WARN_CONSTANT_CONVERSION = YES;
				CLANG_WARN_DEPRECATED_OBJC_IMPLEMENTATIONS = YES;
				CLANG_WARN_DIRECT_OBJC_ISA_USAGE = YES_ERROR;
				CLANG_WARN_DOCUMENTATION_COMMENTS = YES;
				CLANG_WARN_EMPTY_BODY = YES;
				CLANG_WARN_ENUM_CONVERSION = YES;
				CLANG_WARN_INFINITE_RECURSION = YES;
				CLANG_WARN_INT_CONVERSION = YES;
				CLANG_WARN_NON_LITERAL_NULL_CONVERSION = YES;
				CLANG_WARN_OBJC_IMPLICIT_RETAIN_SELF = YES;
				CLANG_WARN_OBJC_LITERAL_CONVERSION = YES;
				CLANG_WARN_OBJC_ROOT_CLASS = YES_ERROR;
				CLANG_WARN_RANGE_LOOP_ANALYSIS = YES;
				CLANG_WARN_STRICT_PROTOTYPES = YES;
				CLANG_WARN_SUSPICIOUS_MOVE = YES;
				CLANG_WARN_UNGUARDED_AVAILABILITY = YES_AGGRESSIVE;
				CLANG_WARN_UNREACHABLE_CODE = YES;
				CLANG_WARN__DUPLICATE_METHOD_MATCH = YES;
				COPY_PHASE_STRIP = NO;
				DEBUG_INFORMATION_FORMAT = dwarf;
				ENABLE_STRICT_OBJC_MSGSEND = YES;
				ENABLE_TESTABILITY = YES;
				GCC_C_LANGUAGE_STANDARD = gnu11;
				GCC_DYNAMIC_NO_PIC = NO;
				GCC_NO_COMMON_BLOCKS = YES;
				GCC_OPTIMIZATION_LEVEL = 0;
				GCC_PREPROCESSOR_DEFINITIONS = (
					"DEBUG=1",
					"$(inherited)",
				);
				GCC_WARN_64_TO_32_BIT_CONVERSION = YES;
				GCC_WARN_ABOUT_RETURN_TYPE = YES_ERROR;
				GCC_WARN_UNDECLARED_SELECTOR = YES;
				GCC_WARN_UNINITIALIZED_AUTOS = YES_AGGRESSIVE;
				GCC_WARN_UNUSED_FUNCTION = YES;
				GCC_WARN_UNUSED_VARIABLE = YES;
				IPHONEOS_DEPLOYMENT_TARGET = 13.5;
				MTL_ENABLE_DEBUG_INFO = INCLUDE_SOURCE;
				MTL_FAST_MATH = YES;
				ONLY_ACTIVE_ARCH = YES;
				SDKROOT = iphoneos;
				SWIFT_ACTIVE_COMPILATION_CONDITIONS = DEBUG;
				SWIFT_OPTIMIZATION_LEVEL = "-Onone";
			};
			name = Debug;
		};
		04427926248385A80030E45C /* Release */ = {
			isa = XCBuildConfiguration;
			buildSettings = {
				ALWAYS_SEARCH_USER_PATHS = NO;
				CLANG_ANALYZER_NONNULL = YES;
				CLANG_ANALYZER_NUMBER_OBJECT_CONVERSION = YES_AGGRESSIVE;
				CLANG_CXX_LANGUAGE_STANDARD = "gnu++14";
				CLANG_CXX_LIBRARY = "libc++";
				CLANG_ENABLE_MODULES = YES;
				CLANG_ENABLE_OBJC_ARC = YES;
				CLANG_ENABLE_OBJC_WEAK = YES;
				CLANG_WARN_BLOCK_CAPTURE_AUTORELEASING = YES;
				CLANG_WARN_BOOL_CONVERSION = YES;
				CLANG_WARN_COMMA = YES;
				CLANG_WARN_CONSTANT_CONVERSION = YES;
				CLANG_WARN_DEPRECATED_OBJC_IMPLEMENTATIONS = YES;
				CLANG_WARN_DIRECT_OBJC_ISA_USAGE = YES_ERROR;
				CLANG_WARN_DOCUMENTATION_COMMENTS = YES;
				CLANG_WARN_EMPTY_BODY = YES;
				CLANG_WARN_ENUM_CONVERSION = YES;
				CLANG_WARN_INFINITE_RECURSION = YES;
				CLANG_WARN_INT_CONVERSION = YES;
				CLANG_WARN_NON_LITERAL_NULL_CONVERSION = YES;
				CLANG_WARN_OBJC_IMPLICIT_RETAIN_SELF = YES;
				CLANG_WARN_OBJC_LITERAL_CONVERSION = YES;
				CLANG_WARN_OBJC_ROOT_CLASS = YES_ERROR;
				CLANG_WARN_RANGE_LOOP_ANALYSIS = YES;
				CLANG_WARN_STRICT_PROTOTYPES = YES;
				CLANG_WARN_SUSPICIOUS_MOVE = YES;
				CLANG_WARN_UNGUARDED_AVAILABILITY = YES_AGGRESSIVE;
				CLANG_WARN_UNREACHABLE_CODE = YES;
				CLANG_WARN__DUPLICATE_METHOD_MATCH = YES;
				COPY_PHASE_STRIP = NO;
				DEBUG_INFORMATION_FORMAT = "dwarf-with-dsym";
				ENABLE_NS_ASSERTIONS = NO;
				ENABLE_STRICT_OBJC_MSGSEND = YES;
				GCC_C_LANGUAGE_STANDARD = gnu11;
				GCC_NO_COMMON_BLOCKS = YES;
				GCC_WARN_64_TO_32_BIT_CONVERSION = YES;
				GCC_WARN_ABOUT_RETURN_TYPE = YES_ERROR;
				GCC_WARN_UNDECLARED_SELECTOR = YES;
				GCC_WARN_UNINITIALIZED_AUTOS = YES_AGGRESSIVE;
				GCC_WARN_UNUSED_FUNCTION = YES;
				GCC_WARN_UNUSED_VARIABLE = YES;
				IPHONEOS_DEPLOYMENT_TARGET = 13.5;
				MTL_ENABLE_DEBUG_INFO = NO;
				MTL_FAST_MATH = YES;
				SDKROOT = iphoneos;
				SWIFT_COMPILATION_MODE = wholemodule;
				SWIFT_OPTIMIZATION_LEVEL = "-O";
				VALIDATE_PRODUCT = YES;
			};
			name = Release;
		};
		04427928248385A80030E45C /* Debug */ = {
			isa = XCBuildConfiguration;
			baseConfigurationReference = 0527133D5552F982DABB8DC4 /* Pods-SafetyBox.Swift.debug.xcconfig */;
			buildSettings = {
				ASSETCATALOG_COMPILER_APPICON_NAME = StartupIcons;
				CODE_SIGN_STYLE = Automatic;
				DEVELOPMENT_TEAM = SYZZCVD6PU;
				INFOPLIST_FILE = SafetyBox.Swift/Info.plist;
				IPHONEOS_DEPLOYMENT_TARGET = 10.0;
				LD_RUNPATH_SEARCH_PATHS = (
					"$(inherited)",
					"@executable_path/Frameworks",
				);
				PRODUCT_BUNDLE_IDENTIFIER = "com.dg.SafetyBox-Swift";
				PRODUCT_NAME = "$(TARGET_NAME)";
				SWIFT_VERSION = 5.0;
				TARGETED_DEVICE_FAMILY = "1,2";
			};
			name = Debug;
		};
		04427929248385A80030E45C /* Release */ = {
			isa = XCBuildConfiguration;
			baseConfigurationReference = D990D4DEC28A436990AF4096 /* Pods-SafetyBox.Swift.release.xcconfig */;
			buildSettings = {
				ASSETCATALOG_COMPILER_APPICON_NAME = StartupIcons;
				CODE_SIGN_STYLE = Automatic;
				DEVELOPMENT_TEAM = SYZZCVD6PU;
				INFOPLIST_FILE = SafetyBox.Swift/Info.plist;
				IPHONEOS_DEPLOYMENT_TARGET = 10.0;
				LD_RUNPATH_SEARCH_PATHS = (
					"$(inherited)",
					"@executable_path/Frameworks",
				);
				PRODUCT_BUNDLE_IDENTIFIER = "com.dg.SafetyBox-Swift";
				PRODUCT_NAME = "$(TARGET_NAME)";
				SWIFT_VERSION = 5.0;
				TARGETED_DEVICE_FAMILY = "1,2";
			};
			name = Release;
		};
		0442792B248385A80030E45C /* Debug */ = {
			isa = XCBuildConfiguration;
			baseConfigurationReference = 7166A966535F963FB7C00EF3 /* Pods-SafetyBox.SwiftTests.debug.xcconfig */;
			buildSettings = {
				ALWAYS_EMBED_SWIFT_STANDARD_LIBRARIES = YES;
				BUNDLE_LOADER = "$(TEST_HOST)";
				CODE_SIGN_STYLE = Automatic;
				DEVELOPMENT_TEAM = SYZZCVD6PU;
				INFOPLIST_FILE = SafetyBox.SwiftTests/Info.plist;
				IPHONEOS_DEPLOYMENT_TARGET = 13.5;
				LD_RUNPATH_SEARCH_PATHS = (
					"$(inherited)",
					"@executable_path/Frameworks",
					"@loader_path/Frameworks",
				);
				PRODUCT_BUNDLE_IDENTIFIER = "com.dg.SafetyBox-SwiftTests";
				PRODUCT_NAME = "$(TARGET_NAME)";
				SWIFT_VERSION = 5.0;
				TARGETED_DEVICE_FAMILY = "1,2";
				TEST_HOST = "$(BUILT_PRODUCTS_DIR)/SafetyBox.Swift.app/SafetyBox.Swift";
			};
			name = Debug;
		};
		0442792C248385A80030E45C /* Release */ = {
			isa = XCBuildConfiguration;
			baseConfigurationReference = FF3C49E4F7BFEA3C4A3964FC /* Pods-SafetyBox.SwiftTests.release.xcconfig */;
			buildSettings = {
				ALWAYS_EMBED_SWIFT_STANDARD_LIBRARIES = YES;
				BUNDLE_LOADER = "$(TEST_HOST)";
				CODE_SIGN_STYLE = Automatic;
				DEVELOPMENT_TEAM = SYZZCVD6PU;
				INFOPLIST_FILE = SafetyBox.SwiftTests/Info.plist;
				IPHONEOS_DEPLOYMENT_TARGET = 13.5;
				LD_RUNPATH_SEARCH_PATHS = (
					"$(inherited)",
					"@executable_path/Frameworks",
					"@loader_path/Frameworks",
				);
				PRODUCT_BUNDLE_IDENTIFIER = "com.dg.SafetyBox-SwiftTests";
				PRODUCT_NAME = "$(TARGET_NAME)";
				SWIFT_VERSION = 5.0;
				TARGETED_DEVICE_FAMILY = "1,2";
				TEST_HOST = "$(BUILT_PRODUCTS_DIR)/SafetyBox.Swift.app/SafetyBox.Swift";
			};
			name = Release;
		};
		0442792E248385A80030E45C /* Debug */ = {
			isa = XCBuildConfiguration;
			baseConfigurationReference = CE4BC48ADF1BFEE7DC1B6FE6 /* Pods-SafetyBox.Swift-SafetyBox.SwiftUITests.debug.xcconfig */;
			buildSettings = {
				ALWAYS_EMBED_SWIFT_STANDARD_LIBRARIES = YES;
				CODE_SIGN_STYLE = Automatic;
				DEVELOPMENT_TEAM = SYZZCVD6PU;
				INFOPLIST_FILE = SafetyBox.SwiftUITests/Info.plist;
				LD_RUNPATH_SEARCH_PATHS = (
					"$(inherited)",
					"@executable_path/Frameworks",
					"@loader_path/Frameworks",
				);
				PRODUCT_BUNDLE_IDENTIFIER = "com.dg.SafetyBox-SwiftUITests";
				PRODUCT_NAME = "$(TARGET_NAME)";
				SWIFT_VERSION = 5.0;
				TARGETED_DEVICE_FAMILY = "1,2";
				TEST_TARGET_NAME = SafetyBox.Swift;
			};
			name = Debug;
		};
		0442792F248385A80030E45C /* Release */ = {
			isa = XCBuildConfiguration;
			baseConfigurationReference = 635DE5AE6DF0F4F8639FA92F /* Pods-SafetyBox.Swift-SafetyBox.SwiftUITests.release.xcconfig */;
			buildSettings = {
				ALWAYS_EMBED_SWIFT_STANDARD_LIBRARIES = YES;
				CODE_SIGN_STYLE = Automatic;
				DEVELOPMENT_TEAM = SYZZCVD6PU;
				INFOPLIST_FILE = SafetyBox.SwiftUITests/Info.plist;
				LD_RUNPATH_SEARCH_PATHS = (
					"$(inherited)",
					"@executable_path/Frameworks",
					"@loader_path/Frameworks",
				);
				PRODUCT_BUNDLE_IDENTIFIER = "com.dg.SafetyBox-SwiftUITests";
				PRODUCT_NAME = "$(TARGET_NAME)";
				SWIFT_VERSION = 5.0;
				TARGETED_DEVICE_FAMILY = "1,2";
				TEST_TARGET_NAME = SafetyBox.Swift;
			};
			name = Release;
		};
/* End XCBuildConfiguration section */

/* Begin XCConfigurationList section */
		044278F5248385A60030E45C /* Build configuration list for PBXProject "SafetyBox.Swift" */ = {
			isa = XCConfigurationList;
			buildConfigurations = (
				04427925248385A80030E45C /* Debug */,
				04427926248385A80030E45C /* Release */,
			);
			defaultConfigurationIsVisible = 0;
			defaultConfigurationName = Release;
		};
		04427927248385A80030E45C /* Build configuration list for PBXNativeTarget "SafetyBox.Swift" */ = {
			isa = XCConfigurationList;
			buildConfigurations = (
				04427928248385A80030E45C /* Debug */,
				04427929248385A80030E45C /* Release */,
			);
			defaultConfigurationIsVisible = 0;
			defaultConfigurationName = Release;
		};
		0442792A248385A80030E45C /* Build configuration list for PBXNativeTarget "SafetyBox.SwiftTests" */ = {
			isa = XCConfigurationList;
			buildConfigurations = (
				0442792B248385A80030E45C /* Debug */,
				0442792C248385A80030E45C /* Release */,
			);
			defaultConfigurationIsVisible = 0;
			defaultConfigurationName = Release;
		};
		0442792D248385A80030E45C /* Build configuration list for PBXNativeTarget "SafetyBox.SwiftUITests" */ = {
			isa = XCConfigurationList;
			buildConfigurations = (
				0442792E248385A80030E45C /* Debug */,
				0442792F248385A80030E45C /* Release */,
			);
			defaultConfigurationIsVisible = 0;
			defaultConfigurationName = Release;
		};
/* End XCConfigurationList section */

/* Begin XCVersionGroup section */
		04427906248385A60030E45C /* SafetyBox_Swift.xcdatamodeld */ = {
			isa = XCVersionGroup;
			children = (
				04427907248385A60030E45C /* SafetyBox_Swift.xcdatamodel */,
			);
			currentVersion = 04427907248385A60030E45C /* SafetyBox_Swift.xcdatamodel */;
			path = SafetyBox_Swift.xcdatamodeld;
			sourceTree = "<group>";
			versionGroupType = wrapper.xcdatamodel;
		};
/* End XCVersionGroup section */
	};
	rootObject = 044278F2248385A60030E45C /* Project object */;
}
